
Microsoft Visual Studio Solution File, Format Version 12.00
# Visual Studio Version 16
VisualStudioVersion = 25.0.1700.7
MinimumVisualStudioVersion = 10.0.40219.1
Project("{FAE04EC0-301F-11D3-BF4B-00C04F79EFBC}") = "klororf.excelReader.Console", "klororf.excelReader.Console\klororf.excelReader.Console.csproj", "{1FB83714-7669-4250-A0D4-F78E4986D686}"
EndProject
Project("{FAE04EC0-301F-11D3-BF4B-00C04F79EFBC}") = "Klororf.ExcelReader.Enumerator", "Klororf.ExcelReader.Enumerator\Klororf.ExcelReader.Enumerator.csproj", "{C85268E9-1041-459F-8141-C9697736993B}"
EndProject
Global
	GlobalSection(SolutionConfigurationPlatforms) = preSolution
		Debug|Any CPU = Debug|Any CPU
		Release|Any CPU = Release|Any CPU
	EndGlobalSection
	GlobalSection(ProjectConfigurationPlatforms) = postSolution
		{1FB83714-7669-4250-A0D4-F78E4986D686}.Debug|Any CPU.ActiveCfg = Debug|Any CPU
		{1FB83714-7669-4250-A0D4-F78E4986D686}.Debug|Any CPU.Build.0 = Debug|Any CPU
		{1FB83714-7669-4250-A0D4-F78E4986D686}.Release|Any CPU.ActiveCfg = Release|Any CPU
		{1FB83714-7669-4250-A0D4-F78E4986D686}.Release|Any CPU.Build.0 = Release|Any CPU
		{C85268E9-1041-459F-8141-C9697736993B}.Debug|Any CPU.ActiveCfg = Debug|Any CPU
		{C85268E9-1041-459F-8141-C9697736993B}.Debug|Any CPU.Build.0 = Debug|Any CPU
		{C85268E9-1041-459F-8141-C9697736993B}.Release|Any CPU.ActiveCfg = Release|Any CPU
		{C85268E9-1041-459F-8141-C9697736993B}.Release|Any CPU.Build.0 = Release|Any CPU
	EndGlobalSection
	GlobalSection(SolutionProperties) = preSolution
		HideSolutionNode = FALSE
	EndGlobalSection
	GlobalSection(ExtensibilityGlobals) = postSolution
		SolutionGuid = {4A4227EE-54B5-4F2F-842B-F43AB559BE83}
	EndGlobalSection
EndGlobal
